{"format_version":"1.1","terraform_version":"1.2.8","variables":{"keyname":{"value":"sshkey"},"region":{"value":"ap-southeast-1"}},"planned_values":{"outputs":{"ssh_command":{"sensitive":false}},"root_module":{"resources":[{"address":"aws_egress_only_internet_gateway.egress_interget_gateway","mode":"managed","type":"aws_egress_only_internet_gateway","name":"egress_interget_gateway","provider_name":"registry.terraform.io/hashicorp/aws","schema_version":0,"values":{"tags":{"Name":"egress_interget_gateway"},"tags_all":{"Name":"egress_interget_gateway"}},"sensitive_values":{"tags":{},"tags_all":{}}},{"address":"aws_instance.web","mode":"managed","type":"aws_instance","name":"web","provider_name":"registry.terraform.io/hashicorp/aws","schema_version":1,"values":{"ami":"ami-0ff89c4ce7de192ea","associate_public_ip_address":true,"credit_specification":[],"get_password_data":false,"hibernation":null,"iam_instance_profile":null,"instance_type":"t2.micro","key_name":"sshkey","launch_template":[],"source_dest_check":true,"tags":{"Name":"HelloWorld"},"tags_all":{"Name":"HelloWorld"},"timeouts":null,"user_data":"0d122803996677b13f302a987d24cc961b419359","user_data_replace_on_change":false,"volume_tags":null},"sensitive_values":{"capacity_reservation_specification":[],"credit_specification":[],"ebs_block_device":[],"enclave_options":[],"ephemeral_block_device":[],"ipv6_addresses":[],"launch_template":[],"maintenance_options":[],"metadata_options":[],"network_interface":[],"private_dns_name_options":[],"root_block_device":[],"secondary_private_ips":[],"security_groups":[],"tags":{},"tags_all":{},"vpc_security_group_ids":[]}},{"address":"aws_internet_gateway.internet_gateway","mode":"managed","type":"aws_internet_gateway","name":"internet_gateway","provider_name":"registry.terraform.io/hashicorp/aws","schema_version":0,"values":{"tags":{"Name":"TestGateway"},"tags_all":{"Name":"TestGateway"},"timeouts":null},"sensitive_values":{"tags":{},"tags_all":{}}},{"address":"aws_key_pair.generated_key","mode":"managed","type":"aws_key_pair","name":"generated_key","provider_name":"registry.terraform.io/hashicorp/aws","schema_version":1,"values":{"key_name":"sshkey","tags":null},"sensitive_values":{"tags_all":{}}},{"address":"aws_route_table.private_route_table","mode":"managed","type":"aws_route_table","name":"private_route_table","provider_name":"registry.terraform.io/hashicorp/aws","schema_version":0,"values":{"tags":{"Name":"private_route_table"},"tags_all":{"Name":"private_route_table"},"timeouts":null},"sensitive_values":{"propagating_vgws":[],"route":[],"tags":{},"tags_all":{}}},{"address":"aws_route_table.public_route_table","mode":"managed","type":"aws_route_table","name":"public_route_table","provider_name":"registry.terraform.io/hashicorp/aws","schema_version":0,"values":{"route":[{"carrier_gateway_id":"","cidr_block":"","core_network_arn":"","destination_prefix_list_id":"","instance_id":"","ipv6_cidr_block":"::/0","local_gateway_id":"","nat_gateway_id":"","network_interface_id":"","transit_gateway_id":"","vpc_endpoint_id":"","vpc_peering_connection_id":""},{"carrier_gateway_id":"","cidr_block":"0.0.0.0/0","core_network_arn":"","destination_prefix_list_id":"","egress_only_gateway_id":"","instance_id":"","ipv6_cidr_block":"","local_gateway_id":"","nat_gateway_id":"","network_interface_id":"","transit_gateway_id":"","vpc_endpoint_id":"","vpc_peering_connection_id":""}],"tags":{"Name":"public_route_table"},"tags_all":{"Name":"public_route_table"},"timeouts":null},"sensitive_values":{"propagating_vgws":[],"route":[{},{}],"tags":{},"tags_all":{}}},{"address":"aws_route_table_association.private_route_table[0]","mode":"managed","type":"aws_route_table_association","name":"private_route_table","index":0,"provider_name":"registry.terraform.io/hashicorp/aws","schema_version":0,"values":{"gateway_id":null},"sensitive_values":{}},{"address":"aws_route_table_association.private_route_table[1]","mode":"managed","type":"aws_route_table_association","name":"private_route_table","index":1,"provider_name":"registry.terraform.io/hashicorp/aws","schema_version":0,"values":{"gateway_id":null},"sensitive_values":{}},{"address":"aws_route_table_association.private_route_table[2]","mode":"managed","type":"aws_route_table_association","name":"private_route_table","index":2,"provider_name":"registry.terraform.io/hashicorp/aws","schema_version":0,"values":{"gateway_id":null},"sensitive_values":{}},{"address":"aws_route_table_association.public_route_table[0]","mode":"managed","type":"aws_route_table_association","name":"public_route_table","index":0,"provider_name":"registry.terraform.io/hashicorp/aws","schema_version":0,"values":{"gateway_id":null},"sensitive_values":{}},{"address":"aws_route_table_association.public_route_table[1]","mode":"managed","type":"aws_route_table_association","name":"public_route_table","index":1,"provider_name":"registry.terraform.io/hashicorp/aws","schema_version":0,"values":{"gateway_id":null},"sensitive_values":{}},{"address":"aws_route_table_association.public_route_table[2]","mode":"managed","type":"aws_route_table_association","name":"public_route_table","index":2,"provider_name":"registry.terraform.io/hashicorp/aws","schema_version":0,"values":{"gateway_id":null},"sensitive_values":{}},{"address":"aws_security_group.web_ssh_ping","mode":"managed","type":"aws_security_group","name":"web_ssh_ping","provider_name":"registry.terraform.io/hashicorp/aws","schema_version":1,"values":{"description":"Managed by Terraform","egress":[{"cidr_blocks":["0.0.0.0/0"],"description":"","from_port":0,"ipv6_cidr_blocks":[],"prefix_list_ids":[],"protocol":"-1","security_groups":[],"self":false,"to_port":0}],"ingress":[{"cidr_blocks":["0.0.0.0/0"],"description":"","from_port":-1,"ipv6_cidr_blocks":[],"prefix_list_ids":[],"protocol":"icmp","security_groups":[],"self":false,"to_port":-1},{"cidr_blocks":["0.0.0.0/0"],"description":"","from_port":22,"ipv6_cidr_blocks":[],"prefix_list_ids":[],"protocol":"tcp","security_groups":[],"self":false,"to_port":22},{"cidr_blocks":["0.0.0.0/0"],"description":"","from_port":80,"ipv6_cidr_blocks":[],"prefix_list_ids":[],"protocol":"tcp","security_groups":[],"self":false,"to_port":80}],"name":"web_ssh_ping","revoke_rules_on_delete":false,"tags":null,"timeouts":null},"sensitive_values":{"egress":[{"cidr_blocks":[false],"ipv6_cidr_blocks":[],"prefix_list_ids":[],"security_groups":[]}],"ingress":[{"cidr_blocks":[false],"ipv6_cidr_blocks":[],"prefix_list_ids":[],"security_groups":[]},{"cidr_blocks":[false],"ipv6_cidr_blocks":[],"prefix_list_ids":[],"security_groups":[]},{"cidr_blocks":[false],"ipv6_cidr_blocks":[],"prefix_list_ids":[],"security_groups":[]}],"tags_all":{}}},{"address":"aws_subnet.private-subnet[0]","mode":"managed","type":"aws_subnet","name":"private-subnet","index":0,"provider_name":"registry.terraform.io/hashicorp/aws","schema_version":1,"values":{"assign_ipv6_address_on_creation":false,"availability_zone":"ap-southeast-1a","cidr_block":"10.20.20.0/24","customer_owned_ipv4_pool":null,"enable_dns64":false,"enable_resource_name_dns_a_record_on_launch":false,"enable_resource_name_dns_aaaa_record_on_launch":false,"ipv6_cidr_block":null,"ipv6_native":false,"map_customer_owned_ip_on_launch":null,"map_public_ip_on_launch":false,"outpost_arn":null,"tags":{"Name":"private-subnet0"},"tags_all":{"Name":"private-subnet0"},"timeouts":null},"sensitive_values":{"tags":{},"tags_all":{}}},{"address":"aws_subnet.private-subnet[1]","mode":"managed","type":"aws_subnet","name":"private-subnet","index":1,"provider_name":"registry.terraform.io/hashicorp/aws","schema_version":1,"values":{"assign_ipv6_address_on_creation":false,"availability_zone":"ap-southeast-1b","cidr_block":"10.20.21.0/24","customer_owned_ipv4_pool":null,"enable_dns64":false,"enable_resource_name_dns_a_record_on_launch":false,"enable_resource_name_dns_aaaa_record_on_launch":false,"ipv6_cidr_block":null,"ipv6_native":false,"map_customer_owned_ip_on_launch":null,"map_public_ip_on_launch":false,"outpost_arn":null,"tags":{"Name":"private-subnet1"},"tags_all":{"Name":"private-subnet1"},"timeouts":null},"sensitive_values":{"tags":{},"tags_all":{}}},{"address":"aws_subnet.private-subnet[2]","mode":"managed","type":"aws_subnet","name":"private-subnet","index":2,"provider_name":"registry.terraform.io/hashicorp/aws","schema_version":1,"values":{"assign_ipv6_address_on_creation":false,"availability_zone":"ap-southeast-1c","cidr_block":"10.20.22.0/24","customer_owned_ipv4_pool":null,"enable_dns64":false,"enable_resource_name_dns_a_record_on_launch":false,"enable_resource_name_dns_aaaa_record_on_launch":false,"ipv6_cidr_block":null,"ipv6_native":false,"map_customer_owned_ip_on_launch":null,"map_public_ip_on_launch":false,"outpost_arn":null,"tags":{"Name":"private-subnet2"},"tags_all":{"Name":"private-subnet2"},"timeouts":null},"sensitive_values":{"tags":{},"tags_all":{}}},{"address":"aws_subnet.public-subnet[0]","mode":"managed","type":"aws_subnet","name":"public-subnet","index":0,"provider_name":"registry.terraform.io/hashicorp/aws","schema_version":1,"values":{"assign_ipv6_address_on_creation":false,"availability_zone":"ap-southeast-1a","cidr_block":"10.20.10.0/24","customer_owned_ipv4_pool":null,"enable_dns64":false,"enable_resource_name_dns_a_record_on_launch":false,"enable_resource_name_dns_aaaa_record_on_launch":false,"ipv6_cidr_block":null,"ipv6_native":false,"map_customer_owned_ip_on_launch":null,"map_public_ip_on_launch":true,"outpost_arn":null,"tags":{"Name":"public-subnet0"},"tags_all":{"Name":"public-subnet0"},"timeouts":null},"sensitive_values":{"tags":{},"tags_all":{}}},{"address":"aws_subnet.public-subnet[1]","mode":"managed","type":"aws_subnet","name":"public-subnet","index":1,"provider_name":"registry.terraform.io/hashicorp/aws","schema_version":1,"values":{"assign_ipv6_address_on_creation":false,"availability_zone":"ap-southeast-1b","cidr_block":"10.20.11.0/24","customer_owned_ipv4_pool":null,"enable_dns64":false,"enable_resource_name_dns_a_record_on_launch":false,"enable_resource_name_dns_aaaa_record_on_launch":false,"ipv6_cidr_block":null,"ipv6_native":false,"map_customer_owned_ip_on_launch":null,"map_public_ip_on_launch":true,"outpost_arn":null,"tags":{"Name":"public-subnet1"},"tags_all":{"Name":"public-subnet1"},"timeouts":null},"sensitive_values":{"tags":{},"tags_all":{}}},{"address":"aws_subnet.public-subnet[2]","mode":"managed","type":"aws_subnet","name":"public-subnet","index":2,"provider_name":"registry.terraform.io/hashicorp/aws","schema_version":1,"values":{"assign_ipv6_address_on_creation":false,"availability_zone":"ap-southeast-1c","cidr_block":"10.20.12.0/24","customer_owned_ipv4_pool":null,"enable_dns64":false,"enable_resource_name_dns_a_record_on_launch":false,"enable_resource_name_dns_aaaa_record_on_launch":false,"ipv6_cidr_block":null,"ipv6_native":false,"map_customer_owned_ip_on_launch":null,"map_public_ip_on_launch":true,"outpost_arn":null,"tags":{"Name":"public-subnet2"},"tags_all":{"Name":"public-subnet2"},"timeouts":null},"sensitive_values":{"tags":{},"tags_all":{}}},{"address":"aws_vpc.test-vpc","mode":"managed","type":"aws_vpc","name":"test-vpc","provider_name":"registry.terraform.io/hashicorp/aws","schema_version":1,"values":{"assign_generated_ipv6_cidr_block":null,"cidr_block":"10.20.0.0/16","enable_dns_hostnames":true,"enable_dns_support":true,"instance_tenancy":"default","ipv4_ipam_pool_id":null,"ipv4_netmask_length":null,"ipv6_ipam_pool_id":null,"ipv6_netmask_length":null,"tags":{"Name":"TestVPC"},"tags_all":{"Name":"TestVPC"}},"sensitive_values":{"tags":{},"tags_all":{}}},{"address":"tls_private_key.pk","mode":"managed","type":"tls_private_key","name":"pk","provider_name":"registry.terraform.io/hashicorp/tls","schema_version":1,"values":{"algorithm":"RSA","ecdsa_curve":"P224","rsa_bits":4096},"sensitive_values":{}}]}},"resource_changes":[{"address":"aws_egress_only_internet_gateway.egress_interget_gateway","mode":"managed","type":"aws_egress_only_internet_gateway","name":"egress_interget_gateway","provider_name":"registry.terraform.io/hashicorp/aws","change":{"actions":["create"],"before":null,"after":{"tags":{"Name":"egress_interget_gateway"},"tags_all":{"Name":"egress_interget_gateway"}},"after_unknown":{"id":true,"tags":{},"tags_all":{},"vpc_id":true},"before_sensitive":false,"after_sensitive":{"tags":{},"tags_all":{}}}},{"address":"aws_instance.web","mode":"managed","type":"aws_instance","name":"web","provider_name":"registry.terraform.io/hashicorp/aws","change":{"actions":["create"],"before":null,"after":{"ami":"ami-0ff89c4ce7de192ea","associate_public_ip_address":true,"credit_specification":[],"get_password_data":false,"hibernation":null,"iam_instance_profile":null,"instance_type":"t2.micro","key_name":"sshkey","launch_template":[],"source_dest_check":true,"tags":{"Name":"HelloWorld"},"tags_all":{"Name":"HelloWorld"},"timeouts":null,"user_data":"0d122803996677b13f302a987d24cc961b419359","user_data_replace_on_change":false,"volume_tags":null},"after_unknown":{"arn":true,"availability_zone":true,"capacity_reservation_specification":true,"cpu_core_count":true,"cpu_threads_per_core":true,"credit_specification":[],"disable_api_stop":true,"disable_api_termination":true,"ebs_block_device":true,"ebs_optimized":true,"enclave_options":true,"ephemeral_block_device":true,"host_id":true,"id":true,"instance_initiated_shutdown_behavior":true,"instance_state":true,"ipv6_address_count":true,"ipv6_addresses":true,"launch_template":[],"maintenance_options":true,"metadata_options":true,"monitoring":true,"network_interface":true,"outpost_arn":true,"password_data":true,"placement_group":true,"placement_partition_number":true,"primary_network_interface_id":true,"private_dns":true,"private_dns_name_options":true,"private_ip":true,"public_dns":true,"public_ip":true,"root_block_device":true,"secondary_private_ips":true,"security_groups":true,"subnet_id":true,"tags":{},"tags_all":{},"tenancy":true,"user_data_base64":true,"vpc_security_group_ids":true},"before_sensitive":false,"after_sensitive":{"capacity_reservation_specification":[],"credit_specification":[],"ebs_block_device":[],"enclave_options":[],"ephemeral_block_device":[],"ipv6_addresses":[],"launch_template":[],"maintenance_options":[],"metadata_options":[],"network_interface":[],"private_dns_name_options":[],"root_block_device":[],"secondary_private_ips":[],"security_groups":[],"tags":{},"tags_all":{},"vpc_security_group_ids":[]}}},{"address":"aws_internet_gateway.internet_gateway","mode":"managed","type":"aws_internet_gateway","name":"internet_gateway","provider_name":"registry.terraform.io/hashicorp/aws","change":{"actions":["create"],"before":null,"after":{"tags":{"Name":"TestGateway"},"tags_all":{"Name":"TestGateway"},"timeouts":null},"after_unknown":{"arn":true,"id":true,"owner_id":true,"tags":{},"tags_all":{},"vpc_id":true},"before_sensitive":false,"after_sensitive":{"tags":{},"tags_all":{}}}},{"address":"aws_key_pair.generated_key","mode":"managed","type":"aws_key_pair","name":"generated_key","provider_name":"registry.terraform.io/hashicorp/aws","change":{"actions":["create"],"before":null,"after":{"key_name":"sshkey","tags":null},"after_unknown":{"arn":true,"fingerprint":true,"id":true,"key_name_prefix":true,"key_pair_id":true,"key_type":true,"public_key":true,"tags_all":true},"before_sensitive":false,"after_sensitive":{"tags_all":{}}}},{"address":"aws_route_table.private_route_table","mode":"managed","type":"aws_route_table","name":"private_route_table","provider_name":"registry.terraform.io/hashicorp/aws","change":{"actions":["create"],"before":null,"after":{"tags":{"Name":"private_route_table"},"tags_all":{"Name":"private_route_table"},"timeouts":null},"after_unknown":{"arn":true,"id":true,"owner_id":true,"propagating_vgws":true,"route":true,"tags":{},"tags_all":{},"vpc_id":true},"before_sensitive":false,"after_sensitive":{"propagating_vgws":[],"route":[],"tags":{},"tags_all":{}}}},{"address":"aws_route_table.public_route_table","mode":"managed","type":"aws_route_table","name":"public_route_table","provider_name":"registry.terraform.io/hashicorp/aws","change":{"actions":["create"],"before":null,"after":{"route":[{"carrier_gateway_id":"","cidr_block":"","core_network_arn":"","destination_prefix_list_id":"","instance_id":"","ipv6_cidr_block":"::/0","local_gateway_id":"","nat_gateway_id":"","network_interface_id":"","transit_gateway_id":"","vpc_endpoint_id":"","vpc_peering_connection_id":""},{"carrier_gateway_id":"","cidr_block":"0.0.0.0/0","core_network_arn":"","destination_prefix_list_id":"","egress_only_gateway_id":"","instance_id":"","ipv6_cidr_block":"","local_gateway_id":"","nat_gateway_id":"","network_interface_id":"","transit_gateway_id":"","vpc_endpoint_id":"","vpc_peering_connection_id":""}],"tags":{"Name":"public_route_table"},"tags_all":{"Name":"public_route_table"},"timeouts":null},"after_unknown":{"arn":true,"id":true,"owner_id":true,"propagating_vgws":true,"route":[{"egress_only_gateway_id":true,"gateway_id":true},{"gateway_id":true}],"tags":{},"tags_all":{},"vpc_id":true},"before_sensitive":false,"after_sensitive":{"propagating_vgws":[],"route":[{},{}],"tags":{},"tags_all":{}}}},{"address":"aws_route_table_association.private_route_table[0]","mode":"managed","type":"aws_route_table_association","name":"private_route_table","index":0,"provider_name":"registry.terraform.io/hashicorp/aws","change":{"actions":["create"],"before":null,"after":{"gateway_id":null},"after_unknown":{"id":true,"route_table_id":true,"subnet_id":true},"before_sensitive":false,"after_sensitive":{}}},{"address":"aws_route_table_association.private_route_table[1]","mode":"managed","type":"aws_route_table_association","name":"private_route_table","index":1,"provider_name":"registry.terraform.io/hashicorp/aws","change":{"actions":["create"],"before":null,"after":{"gateway_id":null},"after_unknown":{"id":true,"route_table_id":true,"subnet_id":true},"before_sensitive":false,"after_sensitive":{}}},{"address":"aws_route_table_association.private_route_table[2]","mode":"managed","type":"aws_route_table_association","name":"private_route_table","index":2,"provider_name":"registry.terraform.io/hashicorp/aws","change":{"actions":["create"],"before":null,"after":{"gateway_id":null},"after_unknown":{"id":true,"route_table_id":true,"subnet_id":true},"before_sensitive":false,"after_sensitive":{}}},{"address":"aws_route_table_association.public_route_table[0]","mode":"managed","type":"aws_route_table_association","name":"public_route_table","index":0,"provider_name":"registry.terraform.io/hashicorp/aws","change":{"actions":["create"],"before":null,"after":{"gateway_id":null},"after_unknown":{"id":true,"route_table_id":true,"subnet_id":true},"before_sensitive":false,"after_sensitive":{}}},{"address":"aws_route_table_association.public_route_table[1]","mode":"managed","type":"aws_route_table_association","name":"public_route_table","index":1,"provider_name":"registry.terraform.io/hashicorp/aws","change":{"actions":["create"],"before":null,"after":{"gateway_id":null},"after_unknown":{"id":true,"route_table_id":true,"subnet_id":true},"before_sensitive":false,"after_sensitive":{}}},{"address":"aws_route_table_association.public_route_table[2]","mode":"managed","type":"aws_route_table_association","name":"public_route_table","index":2,"provider_name":"registry.terraform.io/hashicorp/aws","change":{"actions":["create"],"before":null,"after":{"gateway_id":null},"after_unknown":{"id":true,"route_table_id":true,"subnet_id":true},"before_sensitive":false,"after_sensitive":{}}},{"address":"aws_security_group.web_ssh_ping","mode":"managed","type":"aws_security_group","name":"web_ssh_ping","provider_name":"registry.terraform.io/hashicorp/aws","change":{"actions":["create"],"before":null,"after":{"description":"Managed by Terraform","egress":[{"cidr_blocks":["0.0.0.0/0"],"description":"","from_port":0,"ipv6_cidr_blocks":[],"prefix_list_ids":[],"protocol":"-1","security_groups":[],"self":false,"to_port":0}],"ingress":[{"cidr_blocks":["0.0.0.0/0"],"description":"","from_port":-1,"ipv6_cidr_blocks":[],"prefix_list_ids":[],"protocol":"icmp","security_groups":[],"self":false,"to_port":-1},{"cidr_blocks":["0.0.0.0/0"],"description":"","from_port":22,"ipv6_cidr_blocks":[],"prefix_list_ids":[],"protocol":"tcp","security_groups":[],"self":false,"to_port":22},{"cidr_blocks":["0.0.0.0/0"],"description":"","from_port":80,"ipv6_cidr_blocks":[],"prefix_list_ids":[],"protocol":"tcp","security_groups":[],"self":false,"to_port":80}],"name":"web_ssh_ping","revoke_rules_on_delete":false,"tags":null,"timeouts":null},"after_unknown":{"arn":true,"egress":[{"cidr_blocks":[false],"ipv6_cidr_blocks":[],"prefix_list_ids":[],"security_groups":[]}],"id":true,"ingress":[{"cidr_blocks":[false],"ipv6_cidr_blocks":[],"prefix_list_ids":[],"security_groups":[]},{"cidr_blocks":[false],"ipv6_cidr_blocks":[],"prefix_list_ids":[],"security_groups":[]},{"cidr_blocks":[false],"ipv6_cidr_blocks":[],"prefix_list_ids":[],"security_groups":[]}],"name_prefix":true,"owner_id":true,"tags_all":true,"vpc_id":true},"before_sensitive":false,"after_sensitive":{"egress":[{"cidr_blocks":[false],"ipv6_cidr_blocks":[],"prefix_list_ids":[],"security_groups":[]}],"ingress":[{"cidr_blocks":[false],"ipv6_cidr_blocks":[],"prefix_list_ids":[],"security_groups":[]},{"cidr_blocks":[false],"ipv6_cidr_blocks":[],"prefix_list_ids":[],"security_groups":[]},{"cidr_blocks":[false],"ipv6_cidr_blocks":[],"prefix_list_ids":[],"security_groups":[]}],"tags_all":{}}}},{"address":"aws_subnet.private-subnet[0]","mode":"managed","type":"aws_subnet","name":"private-subnet","index":0,"provider_name":"registry.terraform.io/hashicorp/aws","change":{"actions":["create"],"before":null,"after":{"assign_ipv6_address_on_creation":false,"availability_zone":"ap-southeast-1a","cidr_block":"10.20.20.0/24","customer_owned_ipv4_pool":null,"enable_dns64":false,"enable_resource_name_dns_a_record_on_launch":false,"enable_resource_name_dns_aaaa_record_on_launch":false,"ipv6_cidr_block":null,"ipv6_native":false,"map_customer_owned_ip_on_launch":null,"map_public_ip_on_launch":false,"outpost_arn":null,"tags":{"Name":"private-subnet0"},"tags_all":{"Name":"private-subnet0"},"timeouts":null},"after_unknown":{"arn":true,"availability_zone_id":true,"id":true,"ipv6_cidr_block_association_id":true,"owner_id":true,"private_dns_hostname_type_on_launch":true,"tags":{},"tags_all":{},"vpc_id":true},"before_sensitive":false,"after_sensitive":{"tags":{},"tags_all":{}}}},{"address":"aws_subnet.private-subnet[1]","mode":"managed","type":"aws_subnet","name":"private-subnet","index":1,"provider_name":"registry.terraform.io/hashicorp/aws","change":{"actions":["create"],"before":null,"after":{"assign_ipv6_address_on_creation":false,"availability_zone":"ap-southeast-1b","cidr_block":"10.20.21.0/24","customer_owned_ipv4_pool":null,"enable_dns64":false,"enable_resource_name_dns_a_record_on_launch":false,"enable_resource_name_dns_aaaa_record_on_launch":false,"ipv6_cidr_block":null,"ipv6_native":false,"map_customer_owned_ip_on_launch":null,"map_public_ip_on_launch":false,"outpost_arn":null,"tags":{"Name":"private-subnet1"},"tags_all":{"Name":"private-subnet1"},"timeouts":null},"after_unknown":{"arn":true,"availability_zone_id":true,"id":true,"ipv6_cidr_block_association_id":true,"owner_id":true,"private_dns_hostname_type_on_launch":true,"tags":{},"tags_all":{},"vpc_id":true},"before_sensitive":false,"after_sensitive":{"tags":{},"tags_all":{}}}},{"address":"aws_subnet.private-subnet[2]","mode":"managed","type":"aws_subnet","name":"private-subnet","index":2,"provider_name":"registry.terraform.io/hashicorp/aws","change":{"actions":["create"],"before":null,"after":{"assign_ipv6_address_on_creation":false,"availability_zone":"ap-southeast-1c","cidr_block":"10.20.22.0/24","customer_owned_ipv4_pool":null,"enable_dns64":false,"enable_resource_name_dns_a_record_on_launch":false,"enable_resource_name_dns_aaaa_record_on_launch":false,"ipv6_cidr_block":null,"ipv6_native":false,"map_customer_owned_ip_on_launch":null,"map_public_ip_on_launch":false,"outpost_arn":null,"tags":{"Name":"private-subnet2"},"tags_all":{"Name":"private-subnet2"},"timeouts":null},"after_unknown":{"arn":true,"availability_zone_id":true,"id":true,"ipv6_cidr_block_association_id":true,"owner_id":true,"private_dns_hostname_type_on_launch":true,"tags":{},"tags_all":{},"vpc_id":true},"before_sensitive":false,"after_sensitive":{"tags":{},"tags_all":{}}}},{"address":"aws_subnet.public-subnet[0]","mode":"managed","type":"aws_subnet","name":"public-subnet","index":0,"provider_name":"registry.terraform.io/hashicorp/aws","change":{"actions":["create"],"before":null,"after":{"assign_ipv6_address_on_creation":false,"availability_zone":"ap-southeast-1a","cidr_block":"10.20.10.0/24","customer_owned_ipv4_pool":null,"enable_dns64":false,"enable_resource_name_dns_a_record_on_launch":false,"enable_resource_name_dns_aaaa_record_on_launch":false,"ipv6_cidr_block":null,"ipv6_native":false,"map_customer_owned_ip_on_launch":null,"map_public_ip_on_launch":true,"outpost_arn":null,"tags":{"Name":"public-subnet0"},"tags_all":{"Name":"public-subnet0"},"timeouts":null},"after_unknown":{"arn":true,"availability_zone_id":true,"id":true,"ipv6_cidr_block_association_id":true,"owner_id":true,"private_dns_hostname_type_on_launch":true,"tags":{},"tags_all":{},"vpc_id":true},"before_sensitive":false,"after_sensitive":{"tags":{},"tags_all":{}}}},{"address":"aws_subnet.public-subnet[1]","mode":"managed","type":"aws_subnet","name":"public-subnet","index":1,"provider_name":"registry.terraform.io/hashicorp/aws","change":{"actions":["create"],"before":null,"after":{"assign_ipv6_address_on_creation":false,"availability_zone":"ap-southeast-1b","cidr_block":"10.20.11.0/24","customer_owned_ipv4_pool":null,"enable_dns64":false,"enable_resource_name_dns_a_record_on_launch":false,"enable_resource_name_dns_aaaa_record_on_launch":false,"ipv6_cidr_block":null,"ipv6_native":false,"map_customer_owned_ip_on_launch":null,"map_public_ip_on_launch":true,"outpost_arn":null,"tags":{"Name":"public-subnet1"},"tags_all":{"Name":"public-subnet1"},"timeouts":null},"after_unknown":{"arn":true,"availability_zone_id":true,"id":true,"ipv6_cidr_block_association_id":true,"owner_id":true,"private_dns_hostname_type_on_launch":true,"tags":{},"tags_all":{},"vpc_id":true},"before_sensitive":false,"after_sensitive":{"tags":{},"tags_all":{}}}},{"address":"aws_subnet.public-subnet[2]","mode":"managed","type":"aws_subnet","name":"public-subnet","index":2,"provider_name":"registry.terraform.io/hashicorp/aws","change":{"actions":["create"],"before":null,"after":{"assign_ipv6_address_on_creation":false,"availability_zone":"ap-southeast-1c","cidr_block":"10.20.12.0/24","customer_owned_ipv4_pool":null,"enable_dns64":false,"enable_resource_name_dns_a_record_on_launch":false,"enable_resource_name_dns_aaaa_record_on_launch":false,"ipv6_cidr_block":null,"ipv6_native":false,"map_customer_owned_ip_on_launch":null,"map_public_ip_on_launch":true,"outpost_arn":null,"tags":{"Name":"public-subnet2"},"tags_all":{"Name":"public-subnet2"},"timeouts":null},"after_unknown":{"arn":true,"availability_zone_id":true,"id":true,"ipv6_cidr_block_association_id":true,"owner_id":true,"private_dns_hostname_type_on_launch":true,"tags":{},"tags_all":{},"vpc_id":true},"before_sensitive":false,"after_sensitive":{"tags":{},"tags_all":{}}}},{"address":"aws_vpc.test-vpc","mode":"managed","type":"aws_vpc","name":"test-vpc","provider_name":"registry.terraform.io/hashicorp/aws","change":{"actions":["create"],"before":null,"after":{"assign_generated_ipv6_cidr_block":null,"cidr_block":"10.20.0.0/16","enable_dns_hostnames":true,"enable_dns_support":true,"instance_tenancy":"default","ipv4_ipam_pool_id":null,"ipv4_netmask_length":null,"ipv6_ipam_pool_id":null,"ipv6_netmask_length":null,"tags":{"Name":"TestVPC"},"tags_all":{"Name":"TestVPC"}},"after_unknown":{"arn":true,"default_network_acl_id":true,"default_route_table_id":true,"default_security_group_id":true,"dhcp_options_id":true,"enable_classiclink":true,"enable_classiclink_dns_support":true,"id":true,"ipv6_association_id":true,"ipv6_cidr_block":true,"ipv6_cidr_block_network_border_group":true,"main_route_table_id":true,"owner_id":true,"tags":{},"tags_all":{}},"before_sensitive":false,"after_sensitive":{"tags":{},"tags_all":{}}}},{"address":"tls_private_key.pk","mode":"managed","type":"tls_private_key","name":"pk","provider_name":"registry.terraform.io/hashicorp/tls","change":{"actions":["create"],"before":null,"after":{"algorithm":"RSA","ecdsa_curve":"P224","rsa_bits":4096},"after_unknown":{"id":true,"private_key_openssh":true,"private_key_pem":true,"private_key_pem_pkcs8":true,"public_key_fingerprint_md5":true,"public_key_fingerprint_sha256":true,"public_key_openssh":true,"public_key_pem":true},"before_sensitive":false,"after_sensitive":{"private_key_openssh":true,"private_key_pem":true,"private_key_pem_pkcs8":true}}}],"output_changes":{"ssh_command":{"actions":["create"],"before":null,"after_unknown":true,"before_sensitive":false,"after_sensitive":false}},"prior_state":{"format_version":"1.0","terraform_version":"1.2.8","values":{"root_module":{"resources":[{"address":"data.aws_availability_zones.available","mode":"data","type":"aws_availability_zones","name":"available","provider_name":"registry.terraform.io/hashicorp/aws","schema_version":0,"values":{"all_availability_zones":null,"exclude_names":null,"exclude_zone_ids":null,"filter":null,"group_names":["ap-southeast-1"],"id":"ap-southeast-1","names":["ap-southeast-1a","ap-southeast-1b","ap-southeast-1c"],"state":"available","timeouts":null,"zone_ids":["apse1-az2","apse1-az1","apse1-az3"]},"sensitive_values":{"group_names":[false],"names":[false,false,false],"zone_ids":[false,false,false]}}]}}},"configuration":{"provider_config":{"aws":{"name":"aws","full_name":"registry.terraform.io/hashicorp/aws","version_constraint":"~\u003e 4.25","expressions":{"region":{"references":["var.region"]}}},"tls":{"name":"tls","full_name":"registry.terraform.io/hashicorp/tls"}},"root_module":{"outputs":{"ssh_command":{"expression":{"references":["var.keyname","local.instance_ip"]}}},"resources":[{"address":"aws_egress_only_internet_gateway.egress_interget_gateway","mode":"managed","type":"aws_egress_only_internet_gateway","name":"egress_interget_gateway","provider_config_key":"aws","expressions":{"tags":{"constant_value":{"Name":"egress_interget_gateway"}},"vpc_id":{"references":["aws_vpc.test-vpc.id","aws_vpc.test-vpc"]}},"schema_version":0},{"address":"aws_instance.web","mode":"managed","type":"aws_instance","name":"web","provider_config_key":"aws","expressions":{"ami":{"constant_value":"ami-0ff89c4ce7de192ea"},"associate_public_ip_address":{"constant_value":true},"instance_type":{"constant_value":"t2.micro"},"key_name":{"references":["aws_key_pair.generated_key.key_name","aws_key_pair.generated_key"]},"subnet_id":{"references":["aws_subnet.public-subnet[0].id","aws_subnet.public-subnet[0]","aws_subnet.public-subnet"]},"tags":{"constant_value":{"Name":"HelloWorld"}},"user_data":{"constant_value":"#!/bin/bash\necho 'Hello World' \u003e index.html\nsudo python3 -m http.server 80 \u0026\n"},"vpc_security_group_ids":{"references":["aws_security_group.web_ssh_ping.id","aws_security_group.web_ssh_ping"]}},"schema_version":1},{"address":"aws_internet_gateway.internet_gateway","mode":"managed","type":"aws_internet_gateway","name":"internet_gateway","provider_config_key":"aws","expressions":{"tags":{"constant_value":{"Name":"TestGateway"}},"vpc_id":{"references":["aws_vpc.test-vpc.id","aws_vpc.test-vpc"]}},"schema_version":0},{"address":"aws_key_pair.generated_key","mode":"managed","type":"aws_key_pair","name":"generated_key","provider_config_key":"aws","provisioners":[{"type":"local-exec","expressions":{"command":{"references":["var.keyname","tls_private_key.pk.private_key_pem","tls_private_key.pk","var.keyname","var.keyname"]}}}],"expressions":{"key_name":{"references":["var.keyname"]},"public_key":{"references":["tls_private_key.pk.public_key_openssh","tls_private_key.pk"]}},"schema_version":1},{"address":"aws_route_table.private_route_table","mode":"managed","type":"aws_route_table","name":"private_route_table","provider_config_key":"aws","expressions":{"tags":{"constant_value":{"Name":"private_route_table"}},"vpc_id":{"references":["aws_vpc.test-vpc.id","aws_vpc.test-vpc"]}},"schema_version":0},{"address":"aws_route_table.public_route_table","mode":"managed","type":"aws_route_table","name":"public_route_table","provider_config_key":"aws","expressions":{"route":{"references":["aws_internet_gateway.internet_gateway.id","aws_internet_gateway.internet_gateway","aws_egress_only_internet_gateway.egress_interget_gateway.id","aws_egress_only_internet_gateway.egress_interget_gateway","aws_internet_gateway.internet_gateway.id","aws_internet_gateway.internet_gateway"]},"tags":{"constant_value":{"Name":"public_route_table"}},"vpc_id":{"references":["aws_vpc.test-vpc.id","aws_vpc.test-vpc"]}},"schema_version":0},{"address":"aws_route_table_association.private_route_table","mode":"managed","type":"aws_route_table_association","name":"private_route_table","provider_config_key":"aws","expressions":{"route_table_id":{"references":["aws_route_table.private_route_table.id","aws_route_table.private_route_table"]},"subnet_id":{"references":["aws_subnet.private-subnet","count.index"]}},"schema_version":0,"count_expression":{"references":["data.aws_availability_zones.available.names","data.aws_availability_zones.available"]}},{"address":"aws_route_table_association.public_route_table","mode":"managed","type":"aws_route_table_association","name":"public_route_table","provider_config_key":"aws","expressions":{"route_table_id":{"references":["aws_route_table.public_route_table.id","aws_route_table.public_route_table"]},"subnet_id":{"references":["aws_subnet.public-subnet","count.index"]}},"schema_version":0,"count_expression":{"references":["data.aws_availability_zones.available.names","data.aws_availability_zones.available"]}},{"address":"aws_security_group.web_ssh_ping","mode":"managed","type":"aws_security_group","name":"web_ssh_ping","provider_config_key":"aws","expressions":{"egress":{"constant_value":[{"cidr_blocks":["0.0.0.0/0"],"description":null,"from_port":0,"ipv6_cidr_blocks":null,"prefix_list_ids":null,"protocol":"-1","security_groups":null,"self":null,"to_port":0}]},"ingress":{"constant_value":[{"cidr_blocks":["0.0.0.0/0"],"description":null,"from_port":-1,"ipv6_cidr_blocks":null,"prefix_list_ids":null,"protocol":"icmp","security_groups":null,"self":null,"to_port":-1},{"cidr_blocks":["0.0.0.0/0"],"description":null,"from_port":22,"ipv6_cidr_blocks":null,"prefix_list_ids":null,"protocol":"tcp","security_groups":null,"self":null,"to_port":22},{"cidr_blocks":["0.0.0.0/0"],"description":null,"from_port":80,"ipv6_cidr_blocks":null,"prefix_list_ids":null,"protocol":"tcp","security_groups":null,"self":null,"to_port":80}]},"name":{"constant_value":"web_ssh_ping"},"vpc_id":{"references":["aws_vpc.test-vpc.id","aws_vpc.test-vpc"]}},"schema_version":1},{"address":"aws_subnet.private-subnet","mode":"managed","type":"aws_subnet","name":"private-subnet","provider_config_key":"aws","expressions":{"availability_zone":{"references":["data.aws_availability_zones.available.names","data.aws_availability_zones.available","count.index"]},"cidr_block":{"references":["count.index"]},"map_public_ip_on_launch":{"constant_value":false},"tags":{"references":["count.index"]},"vpc_id":{"references":["aws_vpc.test-vpc.id","aws_vpc.test-vpc"]}},"schema_version":1,"count_expression":{"references":["data.aws_availability_zones.available.names","data.aws_availability_zones.available"]}},{"address":"aws_subnet.public-subnet","mode":"managed","type":"aws_subnet","name":"public-subnet","provider_config_key":"aws","expressions":{"availability_zone":{"references":["data.aws_availability_zones.available.names","data.aws_availability_zones.available","count.index"]},"cidr_block":{"references":["count.index"]},"map_public_ip_on_launch":{"constant_value":true},"tags":{"references":["count.index"]},"vpc_id":{"references":["aws_vpc.test-vpc.id","aws_vpc.test-vpc"]}},"schema_version":1,"count_expression":{"references":["data.aws_availability_zones.available.names","data.aws_availability_zones.available"]}},{"address":"aws_vpc.test-vpc","mode":"managed","type":"aws_vpc","name":"test-vpc","provider_config_key":"aws","expressions":{"cidr_block":{"constant_value":"10.20.0.0/16"},"enable_dns_hostnames":{"constant_value":true},"instance_tenancy":{"constant_value":"default"},"tags":{"constant_value":{"Name":"TestVPC"}}},"schema_version":1},{"address":"tls_private_key.pk","mode":"managed","type":"tls_private_key","name":"pk","provider_config_key":"tls","expressions":{"algorithm":{"constant_value":"RSA"},"rsa_bits":{"constant_value":4096}},"schema_version":1},{"address":"data.aws_availability_zones.available","mode":"data","type":"aws_availability_zones","name":"available","provider_config_key":"aws","expressions":{"state":{"constant_value":"available"}},"schema_version":0}],"variables":{"keyname":{"default":"sshkey","description":"Name of keypair"},"region":{"default":"ap-southeast-1","description":"Default region"}}}},"relevant_attributes":[{"resource":"aws_internet_gateway.internet_gateway","attribute":["id"]},{"resource":"data.aws_availability_zones.available","attribute":["names"]},{"resource":"aws_route_table.private_route_table","attribute":["id"]},{"resource":"aws_subnet.private-subnet","attribute":[]},{"resource":"aws_route_table.public_route_table","attribute":["id"]},{"resource":"aws_subnet.public-subnet","attribute":[]},{"resource":"aws_security_group.web_ssh_ping","attribute":["id"]},{"resource":"aws_vpc.test-vpc","attribute":["id"]},{"resource":"aws_egress_only_internet_gateway.egress_interget_gateway","attribute":["id"]},{"resource":"aws_subnet.public-subnet[0]","attribute":["id"]},{"resource":"aws_key_pair.generated_key","attribute":["key_name"]},{"resource":"aws_instance.web","attribute":["public_ip"]},{"resource":"tls_private_key.pk","attribute":["public_key_openssh"]}]}
